
Microsoft Visual Studio Solution File, Format Version 12.00
# Visual Studio Version 17
VisualStudioVersion = 17.3.32929.385
MinimumVisualStudioVersion = 10.0.40219.1
Project("{9A19103F-16F7-4668-BE54-9A1E7A4F7556}") = "RoomReservationSystem", "RoomReservationSystem\RoomReservationSystem.csproj", "{2CC4EC28-0253-4610-ADDA-551E2C6992BA}"
EndProject
Project("{2150E333-8FDC-42A3-9474-1A3956D46DE8}") = "Solution Items", "Solution Items", "{2EFDA102-99D9-4FCE-94E3-573BFA40EB8B}"
	ProjectSection(SolutionItems) = preProject
		.gitignore = .gitignore
		readme.md = readme.md
	EndProjectSection
EndProject
Global
	GlobalSection(SolutionConfigurationPlatforms) = preSolution
		Debug|Any CPU = Debug|Any CPU
		Release|Any CPU = Release|Any CPU
	EndGlobalSection
	GlobalSection(ProjectConfigurationPlatforms) = postSolution
		{2CC4EC28-0253-4610-ADDA-551E2C6992BA}.Debug|Any CPU.ActiveCfg = Debug|Any CPU
		{2CC4EC28-0253-4610-ADDA-551E2C6992BA}.Debug|Any CPU.Build.0 = Debug|Any CPU
		{2CC4EC28-0253-4610-ADDA-551E2C6992BA}.Release|Any CPU.ActiveCfg = Release|Any CPU
		{2CC4EC28-0253-4610-ADDA-551E2C6992BA}.Release|Any CPU.Build.0 = Release|Any CPU
	EndGlobalSection
	GlobalSection(SolutionProperties) = preSolution
		HideSolutionNode = FALSE
	EndGlobalSection
	GlobalSection(ExtensibilityGlobals) = postSolution
		SolutionGuid = {2D790930-44A3-4DB6-BCE9-B869519930AB}
	EndGlobalSection
EndGlobal
